Microsoft Visual Studio Solution File, Format Version 12.00
# Visual Studio 14
VisualStudioVersion = 14.0.25420.1
MinimumVisualStudioVersion = 10.0.40219.1
Project("{D954291E-2A0B-460D-934E-DC6B0785DB48}") = "Spent", "Spent\Spent.shproj", "{2C955BAF-7CC3-4FB4-98B8-70474EA7161B}"
EndProject
Project("{FAE04EC0-301F-11D3-BF4B-00C04F79EFBC}") = "Spent.Windows", "Windows\Spent.Windows.csproj", "{117E4100-6BCE-47A5-BF9A-4919D38EB927}"
EndProject
Global
	GlobalSection(SharedMSBuildProjectFiles) = preSolution
		Spent\Spent.projitems*{117e4100-6bce-47a5-bf9a-4919d38eb927}*SharedItemsImports = 4
		Spent\Spent.projitems*{2c955baf-7cc3-4fb4-98b8-70474ea7161b}*SharedItemsImports = 13
	EndGlobalSection
	GlobalSection(SolutionConfigurationPlatforms) = preSolution
		Debug|Any CPU = Debug|Any CPU
		Debug|ARM = Debug|ARM
		Debug|iPhone = Debug|iPhone
		Debug|iPhoneSimulator = Debug|iPhoneSimulator
		Debug|x64 = Debug|x64
		Debug|x86 = Debug|x86
		Release|Any CPU = Release|Any CPU
		Release|ARM = Release|ARM
		Release|iPhone = Release|iPhone
		Release|iPhoneSimulator = Release|iPhoneSimulator
		Release|x64 = Release|x64
		Release|x86 = Release|x86
	EndGlobalSection
	GlobalSection(ProjectConfigurationPlatforms) = postSolution
		{117E4100-6BCE-47A5-BF9A-4919D38EB927}.Debug|Any CPU.ActiveCfg = Debug|x86
		{117E4100-6BCE-47A5-BF9A-4919D38EB927}.Debug|Any CPU.Build.0 = Debug|x86
		{117E4100-6BCE-47A5-BF9A-4919D38EB927}.Debug|Any CPU.Deploy.0 = Debug|x86
		{117E4100-6BCE-47A5-BF9A-4919D38EB927}.Debug|ARM.ActiveCfg = Debug|ARM
		{117E4100-6BCE-47A5-BF9A-4919D38EB927}.Debug|ARM.Build.0 = Debug|ARM
		{117E4100-6BCE-47A5-BF9A-4919D38EB927}.Debug|ARM.Deploy.0 = Debug|ARM
		{117E4100-6BCE-47A5-BF9A-4919D38EB927}.Debug|iPhone.ActiveCfg = Debug|x86
		{117E4100-6BCE-47A5-BF9A-4919D38EB927}.Debug|iPhoneSimulator.ActiveCfg = Debug|x86
		{117E4100-6BCE-47A5-BF9A-4919D38EB927}.Debug|x64.ActiveCfg = Debug|x64
		{117E4100-6BCE-47A5-BF9A-4919D38EB927}.Debug|x64.Build.0 = Debug|x64
		{117E4100-6BCE-47A5-BF9A-4919D38EB927}.Debug|x64.Deploy.0 = Debug|x64
		{117E4100-6BCE-47A5-BF9A-4919D38EB927}.Debug|x86.ActiveCfg = Debug|x86
		{117E4100-6BCE-47A5-BF9A-4919D38EB927}.Debug|x86.Build.0 = Debug|x86
		{117E4100-6BCE-47A5-BF9A-4919D38EB927}.Debug|x86.Deploy.0 = Debug|x86
		{117E4100-6BCE-47A5-BF9A-4919D38EB927}.Release|Any CPU.ActiveCfg = Release|x86
		{117E4100-6BCE-47A5-BF9A-4919D38EB927}.Release|ARM.ActiveCfg = Release|ARM
		{117E4100-6BCE-47A5-BF9A-4919D38EB927}.Release|ARM.Build.0 = Release|ARM
		{117E4100-6BCE-47A5-BF9A-4919D38EB927}.Release|ARM.Deploy.0 = Release|ARM
		{117E4100-6BCE-47A5-BF9A-4919D38EB927}.Release|iPhone.ActiveCfg = Release|x86
		{117E4100-6BCE-47A5-BF9A-4919D38EB927}.Release|iPhoneSimulator.ActiveCfg = Release|x86
		{117E4100-6BCE-47A5-BF9A-4919D38EB927}.Release|x64.ActiveCfg = Release|x64
		{117E4100-6BCE-47A5-BF9A-4919D38EB927}.Release|x64.Build.0 = Release|x64
		{117E4100-6BCE-47A5-BF9A-4919D38EB927}.Release|x64.Deploy.0 = Release|x64
		{117E4100-6BCE-47A5-BF9A-4919D38EB927}.Release|x86.ActiveCfg = Release|x86
		{117E4100-6BCE-47A5-BF9A-4919D38EB927}.Release|x86.Build.0 = Release|x86
		{117E4100-6BCE-47A5-BF9A-4919D38EB927}.Release|x86.Deploy.0 = Release|x86
	EndGlobalSection
	GlobalSection(SolutionProperties) = preSolution
		HideSolutionNode = FALSE
	EndGlobalSection
EndGlobal
